
Microsoft Visual Studio Solution File, Format Version 12.00
# Visual Studio 15
VisualStudioVersion = 15.0.27703.2018
MinimumVisualStudioVersion = 10.0.40219.1
Project("þ!projectGuid!þ") = "þnameþ-Data", "þnameþ-Data\þnameþ-Data.sqlproj", "þ!dataProjectGuid!þ"
EndProject
Project("þ!projectGuid!þ") = "þnameþ-Tests", "þnameþ-Tests\þnameþ-Tests.sqlproj", "þ!testProjectGuid!þ"
EndProject
Global
	GlobalSection(SolutionConfigurationPlatforms) = preSolution
		Debug|Any CPU = Debug|Any CPU
		Release|Any CPU = Release|Any CPU
	EndGlobalSection
	GlobalSection(ProjectConfigurationPlatforms) = postSolution
		þ!dataProjectGuid!þ.Debug|Any CPU.ActiveCfg = Debug|Any CPU
		þ!dataProjectGuid!þ.Debug|Any CPU.Build.0 = Debug|Any CPU
		þ!dataProjectGuid!þ.Debug|Any CPU.Deploy.0 = Debug|Any CPU
		þ!dataProjectGuid!þ.Release|Any CPU.ActiveCfg = Release|Any CPU
		þ!dataProjectGuid!þ.Release|Any CPU.Build.0 = Release|Any CPU
		þ!dataProjectGuid!þ.Release|Any CPU.Deploy.0 = Release|Any CPU
		þ!testProjectGuid!þ.Debug|Any CPU.ActiveCfg = Debug|Any CPU
		þ!testProjectGuid!þ.Debug|Any CPU.Build.0 = Debug|Any CPU
		þ!testProjectGuid!þ.Debug|Any CPU.Deploy.0 = Debug|Any CPU
		þ!testProjectGuid!þ.Release|Any CPU.ActiveCfg = Release|Any CPU
		þ!testProjectGuid!þ.Release|Any CPU.Build.0 = Release|Any CPU
		þ!testProjectGuid!þ.Release|Any CPU.Deploy.0 = Release|Any CPU
	EndGlobalSection
	GlobalSection(SolutionProperties) = preSolution
		HideSolutionNode = FALSE
	EndGlobalSection
	GlobalSection(ExtensibilityGlobals) = postSolution
		SolutionGuid = þ!solutionGuid!þ
	EndGlobalSection
EndGlobal
